
Microsoft Visual Studio Solution File, Format Version 12.00
# Visual Studio Version 17
VisualStudioVersion = 17.0.31903.59
MinimumVisualStudioVersion = 10.0.40219.1
Project("{2150E333-8FDC-42A3-9474-1A3956D46DE8}") = "src", "src", "{827E0CD3-B72D-47B6-A68D-7590B98EB39B}"
EndProject
Project("{FAE04EC0-301F-11D3-BF4B-00C04F79EFBC}") = "AzureBusService.Contracts", "src\AzureBusService.Contracts\AzureBusService.Contracts.csproj", "{99B1FECA-B9FE-4013-9DEC-CBB55E12033C}"
EndProject
Project("{FAE04EC0-301F-11D3-BF4B-00C04F79EFBC}") = "AzureBusService.Persistence", "src\AzureBusService.Persistence\AzureBusService.Persistence.csproj", "{1B431DCA-FC12-44CE-987E-9FA36A53A9C6}"
EndProject
Project("{FAE04EC0-301F-11D3-BF4B-00C04F79EFBC}") = "AzureBusService.Api", "src\AzureBusService.Api\AzureBusService.Api.csproj", "{A0D82089-35F3-401C-9800-4DE0FC0956F3}"
EndProject
Project("{FAE04EC0-301F-11D3-BF4B-00C04F79EFBC}") = "AzureBusService.Worker", "src\AzureBusService.Worker\AzureBusService.Worker.csproj", "{4E060A38-6781-4F2B-B0B5-BE112DBAF842}"
EndProject
Project("{2150E333-8FDC-42A3-9474-1A3956D46DE8}") = "tests", "tests", "{0AB3BF05-4346-4AA6-1389-037BE0695223}"
EndProject
Project("{FAE04EC0-301F-11D3-BF4B-00C04F79EFBC}") = "AzureBusService.Api.Tests", "tests\AzureBusService.Api.Tests\AzureBusService.Api.Tests.csproj", "{C7BCBA41-BE30-40E8-ADA4-17F43CA352B1}"
EndProject
Project("{FAE04EC0-301F-11D3-BF4B-00C04F79EFBC}") = "AzureBusService.Worker.Tests", "tests\AzureBusService.Worker.Tests\AzureBusService.Worker.Tests.csproj", "{F4BA1D3C-6FA7-475C-A8F8-FCED52ECB7D9}"
EndProject
Project("{FAE04EC0-301F-11D3-BF4B-00C04F79EFBC}") = "AzureBusService.EndToEndTests", "tests\AzureBusService.EndToEndTests\AzureBusService.EndToEndTests.csproj", "{244C62F3-06F5-4B78-89BD-930CC8D02CEA}"
EndProject
Global
	GlobalSection(SolutionConfigurationPlatforms) = preSolution
		Debug|Any CPU = Debug|Any CPU
		Debug|x64 = Debug|x64
		Debug|x86 = Debug|x86
		Release|Any CPU = Release|Any CPU
		Release|x64 = Release|x64
		Release|x86 = Release|x86
	EndGlobalSection
	GlobalSection(ProjectConfigurationPlatforms) = postSolution
		{99B1FECA-B9FE-4013-9DEC-CBB55E12033C}.Debug|Any CPU.ActiveCfg = Debug|Any CPU
		{99B1FECA-B9FE-4013-9DEC-CBB55E12033C}.Debug|Any CPU.Build.0 = Debug|Any CPU
		{99B1FECA-B9FE-4013-9DEC-CBB55E12033C}.Debug|x64.ActiveCfg = Debug|Any CPU
		{99B1FECA-B9FE-4013-9DEC-CBB55E12033C}.Debug|x64.Build.0 = Debug|Any CPU
		{99B1FECA-B9FE-4013-9DEC-CBB55E12033C}.Debug|x86.ActiveCfg = Debug|Any CPU
		{99B1FECA-B9FE-4013-9DEC-CBB55E12033C}.Debug|x86.Build.0 = Debug|Any CPU
		{99B1FECA-B9FE-4013-9DEC-CBB55E12033C}.Release|Any CPU.ActiveCfg = Release|Any CPU
		{99B1FECA-B9FE-4013-9DEC-CBB55E12033C}.Release|Any CPU.Build.0 = Release|Any CPU
		{99B1FECA-B9FE-4013-9DEC-CBB55E12033C}.Release|x64.ActiveCfg = Release|Any CPU
		{99B1FECA-B9FE-4013-9DEC-CBB55E12033C}.Release|x64.Build.0 = Release|Any CPU
		{99B1FECA-B9FE-4013-9DEC-CBB55E12033C}.Release|x86.ActiveCfg = Release|Any CPU
		{99B1FECA-B9FE-4013-9DEC-CBB55E12033C}.Release|x86.Build.0 = Release|Any CPU
		{1B431DCA-FC12-44CE-987E-9FA36A53A9C6}.Debug|Any CPU.ActiveCfg = Debug|Any CPU
		{1B431DCA-FC12-44CE-987E-9FA36A53A9C6}.Debug|Any CPU.Build.0 = Debug|Any CPU
		{1B431DCA-FC12-44CE-987E-9FA36A53A9C6}.Debug|x64.ActiveCfg = Debug|Any CPU
		{1B431DCA-FC12-44CE-987E-9FA36A53A9C6}.Debug|x64.Build.0 = Debug|Any CPU
		{1B431DCA-FC12-44CE-987E-9FA36A53A9C6}.Debug|x86.ActiveCfg = Debug|Any CPU
		{1B431DCA-FC12-44CE-987E-9FA36A53A9C6}.Debug|x86.Build.0 = Debug|Any CPU
		{1B431DCA-FC12-44CE-987E-9FA36A53A9C6}.Release|Any CPU.ActiveCfg = Release|Any CPU
		{1B431DCA-FC12-44CE-987E-9FA36A53A9C6}.Release|Any CPU.Build.0 = Release|Any CPU
		{1B431DCA-FC12-44CE-987E-9FA36A53A9C6}.Release|x64.ActiveCfg = Release|Any CPU
		{1B431DCA-FC12-44CE-987E-9FA36A53A9C6}.Release|x64.Build.0 = Release|Any CPU
		{1B431DCA-FC12-44CE-987E-9FA36A53A9C6}.Release|x86.ActiveCfg = Release|Any CPU
		{1B431DCA-FC12-44CE-987E-9FA36A53A9C6}.Release|x86.Build.0 = Release|Any CPU
		{A0D82089-35F3-401C-9800-4DE0FC0956F3}.Debug|Any CPU.ActiveCfg = Debug|Any CPU
		{A0D82089-35F3-401C-9800-4DE0FC0956F3}.Debug|Any CPU.Build.0 = Debug|Any CPU
		{A0D82089-35F3-401C-9800-4DE0FC0956F3}.Debug|x64.ActiveCfg = Debug|Any CPU
		{A0D82089-35F3-401C-9800-4DE0FC0956F3}.Debug|x64.Build.0 = Debug|Any CPU
		{A0D82089-35F3-401C-9800-4DE0FC0956F3}.Debug|x86.ActiveCfg = Debug|Any CPU
		{A0D82089-35F3-401C-9800-4DE0FC0956F3}.Debug|x86.Build.0 = Debug|Any CPU
		{A0D82089-35F3-401C-9800-4DE0FC0956F3}.Release|Any CPU.ActiveCfg = Release|Any CPU
		{A0D82089-35F3-401C-9800-4DE0FC0956F3}.Release|Any CPU.Build.0 = Release|Any CPU
		{A0D82089-35F3-401C-9800-4DE0FC0956F3}.Release|x64.ActiveCfg = Release|Any CPU
		{A0D82089-35F3-401C-9800-4DE0FC0956F3}.Release|x64.Build.0 = Release|Any CPU
		{A0D82089-35F3-401C-9800-4DE0FC0956F3}.Release|x86.ActiveCfg = Release|Any CPU
		{A0D82089-35F3-401C-9800-4DE0FC0956F3}.Release|x86.Build.0 = Release|Any CPU
		{4E060A38-6781-4F2B-B0B5-BE112DBAF842}.Debug|Any CPU.ActiveCfg = Debug|Any CPU
		{4E060A38-6781-4F2B-B0B5-BE112DBAF842}.Debug|Any CPU.Build.0 = Debug|Any CPU
		{4E060A38-6781-4F2B-B0B5-BE112DBAF842}.Debug|x64.ActiveCfg = Debug|Any CPU
		{4E060A38-6781-4F2B-B0B5-BE112DBAF842}.Debug|x64.Build.0 = Debug|Any CPU
		{4E060A38-6781-4F2B-B0B5-BE112DBAF842}.Debug|x86.ActiveCfg = Debug|Any CPU
		{4E060A38-6781-4F2B-B0B5-BE112DBAF842}.Debug|x86.Build.0 = Debug|Any CPU
		{4E060A38-6781-4F2B-B0B5-BE112DBAF842}.Release|Any CPU.ActiveCfg = Release|Any CPU
		{4E060A38-6781-4F2B-B0B5-BE112DBAF842}.Release|Any CPU.Build.0 = Release|Any CPU
		{4E060A38-6781-4F2B-B0B5-BE112DBAF842}.Release|x64.ActiveCfg = Release|Any CPU
		{4E060A38-6781-4F2B-B0B5-BE112DBAF842}.Release|x64.Build.0 = Release|Any CPU
		{4E060A38-6781-4F2B-B0B5-BE112DBAF842}.Release|x86.ActiveCfg = Release|Any CPU
		{4E060A38-6781-4F2B-B0B5-BE112DBAF842}.Release|x86.Build.0 = Release|Any CPU
		{C7BCBA41-BE30-40E8-ADA4-17F43CA352B1}.Debug|Any CPU.ActiveCfg = Debug|Any CPU
		{C7BCBA41-BE30-40E8-ADA4-17F43CA352B1}.Debug|Any CPU.Build.0 = Debug|Any CPU
		{C7BCBA41-BE30-40E8-ADA4-17F43CA352B1}.Debug|x64.ActiveCfg = Debug|Any CPU
		{C7BCBA41-BE30-40E8-ADA4-17F43CA352B1}.Debug|x64.Build.0 = Debug|Any CPU
		{C7BCBA41-BE30-40E8-ADA4-17F43CA352B1}.Debug|x86.ActiveCfg = Debug|Any CPU
		{C7BCBA41-BE30-40E8-ADA4-17F43CA352B1}.Debug|x86.Build.0 = Debug|Any CPU
		{C7BCBA41-BE30-40E8-ADA4-17F43CA352B1}.Release|Any CPU.ActiveCfg = Release|Any CPU
		{C7BCBA41-BE30-40E8-ADA4-17F43CA352B1}.Release|Any CPU.Build.0 = Release|Any CPU
		{C7BCBA41-BE30-40E8-ADA4-17F43CA352B1}.Release|x64.ActiveCfg = Release|Any CPU
		{C7BCBA41-BE30-40E8-ADA4-17F43CA352B1}.Release|x64.Build.0 = Release|Any CPU
		{C7BCBA41-BE30-40E8-ADA4-17F43CA352B1}.Release|x86.ActiveCfg = Release|Any CPU
		{C7BCBA41-BE30-40E8-ADA4-17F43CA352B1}.Release|x86.Build.0 = Release|Any CPU
		{F4BA1D3C-6FA7-475C-A8F8-FCED52ECB7D9}.Debug|Any CPU.ActiveCfg = Debug|Any CPU
		{F4BA1D3C-6FA7-475C-A8F8-FCED52ECB7D9}.Debug|Any CPU.Build.0 = Debug|Any CPU
		{F4BA1D3C-6FA7-475C-A8F8-FCED52ECB7D9}.Debug|x64.ActiveCfg = Debug|Any CPU
		{F4BA1D3C-6FA7-475C-A8F8-FCED52ECB7D9}.Debug|x64.Build.0 = Debug|Any CPU
		{F4BA1D3C-6FA7-475C-A8F8-FCED52ECB7D9}.Debug|x86.ActiveCfg = Debug|Any CPU
		{F4BA1D3C-6FA7-475C-A8F8-FCED52ECB7D9}.Debug|x86.Build.0 = Debug|Any CPU
		{F4BA1D3C-6FA7-475C-A8F8-FCED52ECB7D9}.Release|Any CPU.ActiveCfg = Release|Any CPU
		{F4BA1D3C-6FA7-475C-A8F8-FCED52ECB7D9}.Release|Any CPU.Build.0 = Release|Any CPU
		{F4BA1D3C-6FA7-475C-A8F8-FCED52ECB7D9}.Release|x64.ActiveCfg = Release|Any CPU
		{F4BA1D3C-6FA7-475C-A8F8-FCED52ECB7D9}.Release|x64.Build.0 = Release|Any CPU
		{F4BA1D3C-6FA7-475C-A8F8-FCED52ECB7D9}.Release|x86.ActiveCfg = Release|Any CPU
		{F4BA1D3C-6FA7-475C-A8F8-FCED52ECB7D9}.Release|x86.Build.0 = Release|Any CPU
		{244C62F3-06F5-4B78-89BD-930CC8D02CEA}.Debug|Any CPU.ActiveCfg = Debug|Any CPU
		{244C62F3-06F5-4B78-89BD-930CC8D02CEA}.Debug|Any CPU.Build.0 = Debug|Any CPU
		{244C62F3-06F5-4B78-89BD-930CC8D02CEA}.Debug|x64.ActiveCfg = Debug|Any CPU
		{244C62F3-06F5-4B78-89BD-930CC8D02CEA}.Debug|x64.Build.0 = Debug|Any CPU
		{244C62F3-06F5-4B78-89BD-930CC8D02CEA}.Debug|x86.ActiveCfg = Debug|Any CPU
		{244C62F3-06F5-4B78-89BD-930CC8D02CEA}.Debug|x86.Build.0 = Debug|Any CPU
		{244C62F3-06F5-4B78-89BD-930CC8D02CEA}.Release|Any CPU.ActiveCfg = Release|Any CPU
		{244C62F3-06F5-4B78-89BD-930CC8D02CEA}.Release|Any CPU.Build.0 = Release|Any CPU
		{244C62F3-06F5-4B78-89BD-930CC8D02CEA}.Release|x64.ActiveCfg = Release|Any CPU
		{244C62F3-06F5-4B78-89BD-930CC8D02CEA}.Release|x64.Build.0 = Release|Any CPU
		{244C62F3-06F5-4B78-89BD-930CC8D02CEA}.Release|x86.ActiveCfg = Release|Any CPU
		{244C62F3-06F5-4B78-89BD-930CC8D02CEA}.Release|x86.Build.0 = Release|Any CPU
	EndGlobalSection
	GlobalSection(SolutionProperties) = preSolution
		HideSolutionNode = FALSE
	EndGlobalSection
	GlobalSection(NestedProjects) = preSolution
		{99B1FECA-B9FE-4013-9DEC-CBB55E12033C} = {827E0CD3-B72D-47B6-A68D-7590B98EB39B}
		{1B431DCA-FC12-44CE-987E-9FA36A53A9C6} = {827E0CD3-B72D-47B6-A68D-7590B98EB39B}
		{A0D82089-35F3-401C-9800-4DE0FC0956F3} = {827E0CD3-B72D-47B6-A68D-7590B98EB39B}
		{4E060A38-6781-4F2B-B0B5-BE112DBAF842} = {827E0CD3-B72D-47B6-A68D-7590B98EB39B}
		{C7BCBA41-BE30-40E8-ADA4-17F43CA352B1} = {0AB3BF05-4346-4AA6-1389-037BE0695223}
		{F4BA1D3C-6FA7-475C-A8F8-FCED52ECB7D9} = {0AB3BF05-4346-4AA6-1389-037BE0695223}
		{244C62F3-06F5-4B78-89BD-930CC8D02CEA} = {0AB3BF05-4346-4AA6-1389-037BE0695223}
	EndGlobalSection
EndGlobal
